
Microsoft Visual Studio Solution File, Format Version 12.00
# Visual Studio Version 16
VisualStudioVersion = 16.0.30907.101
MinimumVisualStudioVersion = 10.0.40219.1
Project("{FAE04EC0-301F-11D3-BF4B-00C04F79EFBC}") = "Meclis", "Meclis\Meclis.csproj", "{E73D1D04-A293-4A89-B2BF-D1E6A1B9A41F}"
EndProject
Project("{FAE04EC0-301F-11D3-BF4B-00C04F79EFBC}") = "MeclisEntities", "MeclisEntities\MeclisEntities.csproj", "{8496B446-E1EE-44B1-A80B-A22A59E1414A}"
EndProject
Project("{FAE04EC0-301F-11D3-BF4B-00C04F79EFBC}") = "MeclisDal", "MeclisDal\MeclisDal.csproj", "{F5DB9424-8379-4A20-A558-C4F2DD5268E8}"
EndProject
Project("{FAE04EC0-301F-11D3-BF4B-00C04F79EFBC}") = "MeclisDao", "MeclisDao\MeclisDao.csproj", "{6E309F25-97C6-4A81-A5F2-0BADF12A2B97}"
EndProject
Project("{FAE04EC0-301F-11D3-BF4B-00C04F79EFBC}") = "LibReport", "LibReport\LibReport.csproj", "{884BEBDF-9AE1-4301-854A-13EE6D4BEAF1}"
EndProject
Project("{FAE04EC0-301F-11D3-BF4B-00C04F79EFBC}") = "FastReportDesigner", "FastReportDesigner\FastReportDesigner.csproj", "{1388DD2D-ECCE-4E45-8CD2-E1C54972C887}"
EndProject
Global
	GlobalSection(SolutionConfigurationPlatforms) = preSolution
		Debug|Any CPU = Debug|Any CPU
		Release|Any CPU = Release|Any CPU
	EndGlobalSection
	GlobalSection(ProjectConfigurationPlatforms) = postSolution
		{E73D1D04-A293-4A89-B2BF-D1E6A1B9A41F}.Debug|Any CPU.ActiveCfg = Debug|Any CPU
		{E73D1D04-A293-4A89-B2BF-D1E6A1B9A41F}.Debug|Any CPU.Build.0 = Debug|Any CPU
		{E73D1D04-A293-4A89-B2BF-D1E6A1B9A41F}.Release|Any CPU.ActiveCfg = Release|Any CPU
		{E73D1D04-A293-4A89-B2BF-D1E6A1B9A41F}.Release|Any CPU.Build.0 = Release|Any CPU
		{8496B446-E1EE-44B1-A80B-A22A59E1414A}.Debug|Any CPU.ActiveCfg = Debug|Any CPU
		{8496B446-E1EE-44B1-A80B-A22A59E1414A}.Debug|Any CPU.Build.0 = Debug|Any CPU
		{8496B446-E1EE-44B1-A80B-A22A59E1414A}.Release|Any CPU.ActiveCfg = Release|Any CPU
		{8496B446-E1EE-44B1-A80B-A22A59E1414A}.Release|Any CPU.Build.0 = Release|Any CPU
		{F5DB9424-8379-4A20-A558-C4F2DD5268E8}.Debug|Any CPU.ActiveCfg = Debug|Any CPU
		{F5DB9424-8379-4A20-A558-C4F2DD5268E8}.Debug|Any CPU.Build.0 = Debug|Any CPU
		{F5DB9424-8379-4A20-A558-C4F2DD5268E8}.Release|Any CPU.ActiveCfg = Release|Any CPU
		{F5DB9424-8379-4A20-A558-C4F2DD5268E8}.Release|Any CPU.Build.0 = Release|Any CPU
		{6E309F25-97C6-4A81-A5F2-0BADF12A2B97}.Debug|Any CPU.ActiveCfg = Debug|Any CPU
		{6E309F25-97C6-4A81-A5F2-0BADF12A2B97}.Debug|Any CPU.Build.0 = Debug|Any CPU
		{6E309F25-97C6-4A81-A5F2-0BADF12A2B97}.Release|Any CPU.ActiveCfg = Release|Any CPU
		{6E309F25-97C6-4A81-A5F2-0BADF12A2B97}.Release|Any CPU.Build.0 = Release|Any CPU
		{884BEBDF-9AE1-4301-854A-13EE6D4BEAF1}.Debug|Any CPU.ActiveCfg = Debug|Any CPU
		{884BEBDF-9AE1-4301-854A-13EE6D4BEAF1}.Debug|Any CPU.Build.0 = Debug|Any CPU
		{884BEBDF-9AE1-4301-854A-13EE6D4BEAF1}.Release|Any CPU.ActiveCfg = Release|Any CPU
		{884BEBDF-9AE1-4301-854A-13EE6D4BEAF1}.Release|Any CPU.Build.0 = Release|Any CPU
		{1388DD2D-ECCE-4E45-8CD2-E1C54972C887}.Debug|Any CPU.ActiveCfg = Debug|Any CPU
		{1388DD2D-ECCE-4E45-8CD2-E1C54972C887}.Debug|Any CPU.Build.0 = Debug|Any CPU
		{1388DD2D-ECCE-4E45-8CD2-E1C54972C887}.Release|Any CPU.ActiveCfg = Release|Any CPU
		{1388DD2D-ECCE-4E45-8CD2-E1C54972C887}.Release|Any CPU.Build.0 = Release|Any CPU
	EndGlobalSection
	GlobalSection(SolutionProperties) = preSolution
		HideSolutionNode = FALSE
	EndGlobalSection
	GlobalSection(ExtensibilityGlobals) = postSolution
		SolutionGuid = {AC0151BF-0891-4C38-879C-B43D333CED1A}
	EndGlobalSection
EndGlobal
